
Microsoft Visual Studio Solution File, Format Version 12.00
# Visual Studio Version 16
VisualStudioVersion = 16.0.809.1
MinimumVisualStudioVersion = 10.0.40219.1
Project("{FAE04EC0-301F-11D3-BF4B-00C04F79EFBC}") = "ApiAppDM.Android", "ApiAppDM.Android\ApiAppDM.Android.csproj", "{4C43D21D-D5B1-4A48-A5EE-284792D1CF5F}"
EndProject
Project("{FAE04EC0-301F-11D3-BF4B-00C04F79EFBC}") = "ApiAppDM.iOS", "ApiAppDM.iOS\ApiAppDM.iOS.csproj", "{8B06C4B6-CE5C-4B00-99DD-6D270729F7C1}"
EndProject
Project("{FAE04EC0-301F-11D3-BF4B-00C04F79EFBC}") = "ApiAppDM", "ApiAppDM\ApiAppDM.csproj", "{C1AE02A1-6F1F-4EF8-9A47-2002F5F3FA9C}"
EndProject
Global
	GlobalSection(SolutionConfigurationPlatforms) = preSolution
		Debug|Any CPU = Debug|Any CPU
		Release|Any CPU = Release|Any CPU
		Debug|iPhoneSimulator = Debug|iPhoneSimulator
		Release|iPhoneSimulator = Release|iPhoneSimulator
		Debug|iPhone = Debug|iPhone
		Release|iPhone = Release|iPhone
	EndGlobalSection
	GlobalSection(ProjectConfigurationPlatforms) = postSolution
		{4C43D21D-D5B1-4A48-A5EE-284792D1CF5F}.Debug|Any CPU.ActiveCfg = Debug|Any CPU
		{4C43D21D-D5B1-4A48-A5EE-284792D1CF5F}.Debug|Any CPU.Build.0 = Debug|Any CPU
		{4C43D21D-D5B1-4A48-A5EE-284792D1CF5F}.Release|Any CPU.ActiveCfg = Release|Any CPU
		{4C43D21D-D5B1-4A48-A5EE-284792D1CF5F}.Release|Any CPU.Build.0 = Release|Any CPU
		{4C43D21D-D5B1-4A48-A5EE-284792D1CF5F}.Debug|iPhoneSimulator.ActiveCfg = Debug|Any CPU
		{4C43D21D-D5B1-4A48-A5EE-284792D1CF5F}.Debug|iPhoneSimulator.Build.0 = Debug|Any CPU
		{4C43D21D-D5B1-4A48-A5EE-284792D1CF5F}.Release|iPhoneSimulator.ActiveCfg = Release|Any CPU
		{4C43D21D-D5B1-4A48-A5EE-284792D1CF5F}.Release|iPhoneSimulator.Build.0 = Release|Any CPU
		{4C43D21D-D5B1-4A48-A5EE-284792D1CF5F}.Debug|iPhone.ActiveCfg = Debug|Any CPU
		{4C43D21D-D5B1-4A48-A5EE-284792D1CF5F}.Debug|iPhone.Build.0 = Debug|Any CPU
		{4C43D21D-D5B1-4A48-A5EE-284792D1CF5F}.Release|iPhone.ActiveCfg = Release|Any CPU
		{4C43D21D-D5B1-4A48-A5EE-284792D1CF5F}.Release|iPhone.Build.0 = Release|Any CPU
		{8B06C4B6-CE5C-4B00-99DD-6D270729F7C1}.Debug|Any CPU.ActiveCfg = Debug|iPhoneSimulator
		{8B06C4B6-CE5C-4B00-99DD-6D270729F7C1}.Debug|Any CPU.Build.0 = Debug|iPhoneSimulator
		{8B06C4B6-CE5C-4B00-99DD-6D270729F7C1}.Release|Any CPU.ActiveCfg = Release|iPhoneSimulator
		{8B06C4B6-CE5C-4B00-99DD-6D270729F7C1}.Release|Any CPU.Build.0 = Release|iPhoneSimulator
		{8B06C4B6-CE5C-4B00-99DD-6D270729F7C1}.Debug|iPhoneSimulator.ActiveCfg = Debug|iPhoneSimulator
		{8B06C4B6-CE5C-4B00-99DD-6D270729F7C1}.Debug|iPhoneSimulator.Build.0 = Debug|iPhoneSimulator
		{8B06C4B6-CE5C-4B00-99DD-6D270729F7C1}.Release|iPhoneSimulator.ActiveCfg = Release|iPhoneSimulator
		{8B06C4B6-CE5C-4B00-99DD-6D270729F7C1}.Release|iPhoneSimulator.Build.0 = Release|iPhoneSimulator
		{8B06C4B6-CE5C-4B00-99DD-6D270729F7C1}.Debug|iPhone.ActiveCfg = Debug|iPhone
		{8B06C4B6-CE5C-4B00-99DD-6D270729F7C1}.Debug|iPhone.Build.0 = Debug|iPhone
		{8B06C4B6-CE5C-4B00-99DD-6D270729F7C1}.Release|iPhone.ActiveCfg = Release|iPhone
		{8B06C4B6-CE5C-4B00-99DD-6D270729F7C1}.Release|iPhone.Build.0 = Release|iPhone
		{C1AE02A1-6F1F-4EF8-9A47-2002F5F3FA9C}.Debug|Any CPU.ActiveCfg = Debug|Any CPU
		{C1AE02A1-6F1F-4EF8-9A47-2002F5F3FA9C}.Debug|Any CPU.Build.0 = Debug|Any CPU
		{C1AE02A1-6F1F-4EF8-9A47-2002F5F3FA9C}.Release|Any CPU.ActiveCfg = Release|Any CPU
		{C1AE02A1-6F1F-4EF8-9A47-2002F5F3FA9C}.Release|Any CPU.Build.0 = Release|Any CPU
		{C1AE02A1-6F1F-4EF8-9A47-2002F5F3FA9C}.Debug|iPhoneSimulator.ActiveCfg = Debug|Any CPU
		{C1AE02A1-6F1F-4EF8-9A47-2002F5F3FA9C}.Debug|iPhoneSimulator.Build.0 = Debug|Any CPU
		{C1AE02A1-6F1F-4EF8-9A47-2002F5F3FA9C}.Release|iPhoneSimulator.ActiveCfg = Release|Any CPU
		{C1AE02A1-6F1F-4EF8-9A47-2002F5F3FA9C}.Release|iPhoneSimulator.Build.0 = Release|Any CPU
		{C1AE02A1-6F1F-4EF8-9A47-2002F5F3FA9C}.Debug|iPhone.ActiveCfg = Debug|Any CPU
		{C1AE02A1-6F1F-4EF8-9A47-2002F5F3FA9C}.Debug|iPhone.Build.0 = Debug|Any CPU
		{C1AE02A1-6F1F-4EF8-9A47-2002F5F3FA9C}.Release|iPhone.ActiveCfg = Release|Any CPU
		{C1AE02A1-6F1F-4EF8-9A47-2002F5F3FA9C}.Release|iPhone.Build.0 = Release|Any CPU
	EndGlobalSection
	GlobalSection(SolutionProperties) = preSolution
		HideSolutionNode = FALSE
	EndGlobalSection
	GlobalSection(ExtensibilityGlobals) = postSolution
		SolutionGuid = {A250FDFE-E283-4914-ABC1-DB5CE7898C6F}
	EndGlobalSection
EndGlobal
